
Microsoft Visual Studio Solution File, Format Version 12.00
# Visual Studio Version 17
VisualStudioVersion = 17.8.34330.188
MinimumVisualStudioVersion = 10.0.40219.1
Project("{FAE04EC0-301F-11D3-BF4B-00C04F79EFBC}") = "DryIoc_Poc", "DryIoc_Poc\DryIoc_Poc.csproj", "{B25999DA-5C11-44AD-B71A-785706F04ACF}"
EndProject
Global
	GlobalSection(SolutionConfigurationPlatforms) = preSolution
		Debug|Any CPU = Debug|Any CPU
		Release|Any CPU = Release|Any CPU
	EndGlobalSection
	GlobalSection(ProjectConfigurationPlatforms) = postSolution
		{B25999DA-5C11-44AD-B71A-785706F04ACF}.Debug|Any CPU.ActiveCfg = Debug|Any CPU
		{B25999DA-5C11-44AD-B71A-785706F04ACF}.Debug|Any CPU.Build.0 = Debug|Any CPU
		{B25999DA-5C11-44AD-B71A-785706F04ACF}.Release|Any CPU.ActiveCfg = Release|Any CPU
		{B25999DA-5C11-44AD-B71A-785706F04ACF}.Release|Any CPU.Build.0 = Release|Any CPU
	EndGlobalSection
	GlobalSection(SolutionProperties) = preSolution
		HideSolutionNode = FALSE
	EndGlobalSection
	GlobalSection(ExtensibilityGlobals) = postSolution
		SolutionGuid = {C738BECD-48CF-4673-92B2-C1D9CD709CA9}
	EndGlobalSection
EndGlobal
